<?xml version="1.0" encoding="utf-8"?>
<Project ToolsVersion="4.0" xmlns="http://schemas.microsoft.com/developer/msbuild/2003">
  <ItemGroup>
    <Filter Include="Source Files">
      <UniqueIdentifier>{4FC737F1-C7A5-4376-A066-2A32D752A2FF}</UniqueIdentifier>
      <Extensions>cpp;c;cc;cxx;c++;cppm;ixx;def;odl;idl;hpj;bat;asm;asmx</Extensions>
    </Filter>
    <Filter Include="Header Files">
      <UniqueIdentifier>{93995380-89BD-4b04-88EB-625FBE52EBFB}</UniqueIdentifier>
      <Extensions>h;hh;hpp;hxx;h++;hm;inl;inc;ipp;xsd</Extensions>
    </Filter>
    <Filter Include="Resource Files">
      <UniqueIdentifier>{67DA6AB6-F800-4c08-8B7A-83BB121AAD01}</UniqueIdentifier>
      <Extensions>rc;ico;cur;bmp;dlg;rc2;rct;bin;rgs;gif;jpg;jpeg;jpe;resx;tiff;tif;png;wav;mfcribbon-ms</Extensions>
    </Filter>
  </ItemGroup>
  <ItemGroup>
    <ResourceCompile Include="app.rc">
      <Filter>Resource Files</Filter>
    </ResourceCompile>
  </ItemGroup>
  <ItemGroup>
    <ClInclude Include="Resource.h">
      <Filter>Header Files</Filter>
    </ClInclude>
    <ClInclude Include="pch.h">
      <Filter>Header Files</Filter>
    </ClInclude>
    <ClInclude Include="LoginForm.h">
      <Filter>Header Files</Filter>
    </ClInclude>
    <ClInclude Include="MainForm.h">
      <Filter>Header Files</Filter>
    </ClInclude>
    <ClInclude Include="DashboardUserControl.h">
      <Filter>Header Files</Filter>
    </ClInclude>
    <ClInclude Include="SchedulerUserControl.h">
      <Filter>Header Files</Filter>
    </ClInclude>
    <ClInclude Include="DevicesUserControl.h">
      <Filter>Header Files</Filter>
    </ClInclude>
    <ClInclude Include="AnalyticsUserControl.h">
      <Filter>Header Files</Filter>
    </ClInclude>
    <ClInclude Include="SettingsUserControl.h">
      <Filter>Header Files</Filter>
    </ClInclude>
    <ClInclude Include="RoundedRectangle.h">
      <Filter>Header Files</Filter>
    </ClInclude>
    <ClInclude Include="RegisterForm.h">
      <Filter>Header Files</Filter>
    </ClInclude>
    <ClInclude Include="GlobalFunctions.h">
      <Filter>Source Files</Filter>
    </ClInclude>
    <ClInclude Include="CustomMessageForm.h">
      <Filter>Header Files</Filter>
    </ClInclude>
    <ClInclude Include="helperStructs.h">
      <Filter>Header Files</Filter>
    </ClInclude>
    <ClInclude Include="GlobalObjects.h">
      <Filter>Header Files</Filter>
    </ClInclude>
    <ClInclude Include="unmanaged.h">
      <Filter>Header Files</Filter>
    </ClInclude>
    <ClInclude Include="globals2.h">
      <Filter>Source Files</Filter>
    </ClInclude>
    <ClInclude Include="week.h">
      <Filter>Header Files</Filter>
    </ClInclude>
    <ClInclude Include="Userclass.h">
      <Filter>Header Files</Filter>
    </ClInclude>
  </ItemGroup>
  <ItemGroup>
    <ClCompile Include="CppCLR_WinFormsProject.cpp">
      <Filter>Source Files</Filter>
    </ClCompile>
    <ClCompile Include="AssemblyInfo.cpp">
      <Filter>Source Files</Filter>
    </ClCompile>
    <ClCompile Include="pch.cpp">
      <Filter>Source Files</Filter>
    </ClCompile>
    <ClCompile Include="LoginForm.cpp">
      <Filter>Source Files</Filter>
    </ClCompile>
    <ClCompile Include="MainForm.cpp">
      <Filter>Source Files</Filter>
    </ClCompile>
    <ClCompile Include="DashboardUserControl.cpp">
      <Filter>Source Files</Filter>
    </ClCompile>
    <ClCompile Include="SchedulerUserControl.cpp">
      <Filter>Source Files</Filter>
    </ClCompile>
    <ClCompile Include="DevicesUserControl.cpp">
      <Filter>Source Files</Filter>
    </ClCompile>
    <ClCompile Include="AnalyticsUserControl.cpp">
      <Filter>Source Files</Filter>
    </ClCompile>
    <ClCompile Include="SettingsUserControl.cpp">
      <Filter>Source Files</Filter>
    </ClCompile>
    <ClCompile Include="RegisterForm.cpp">
      <Filter>Source Files</Filter>
    </ClCompile>
    <ClCompile Include="CustomMessageForm.cpp">
      <Filter>Source Files</Filter>
    </ClCompile>
    <ClCompile Include="Userclass.cpp">
      <Filter>Source Files</Filter>
    </ClCompile>
  </ItemGroup>
  <ItemGroup>
    <Image Include="app.ico">
      <Filter>Resource Files</Filter>
    </Image>
    <Image Include="..\..\EUS\EUS\icon_dashboard.png">
      <Filter>Resource Files</Filter>
    </Image>
    <Image Include="..\..\EUS\EUS\icon_devices.png">
      <Filter>Resource Files</Filter>
    </Image>
    <Image Include="..\..\EUS\EUS\icon_analytics.png">
      <Filter>Resource Files</Filter>
    </Image>
    <Image Include="..\..\EUS\EUS\icon_scheduler.png">
      <Filter>Resource Files</Filter>
    </Image>
    <Image Include="..\..\EUS\EUS\icon_settings.png">
      <Filter>Resource Files</Filter>
    </Image>
  </ItemGroup>
  <ItemGroup>
    <None Include=".gitignore" />
  </ItemGroup>
</Project>